
Microsoft Visual Studio Solution File, Format Version 12.00
# Visual Studio 15
VisualStudioVersion = 15.0.28307.960
MinimumVisualStudioVersion = 10.0.40219.1
Project("{FAE04EC0-301F-11D3-BF4B-00C04F79EFBC}") = "SimpleCMS_Server", "SimpleCMS_Server\SimpleCMS_Server.csproj", "{DB54E4D3-995A-4CC9-BA35-A0424E96ECB2}"
	ProjectSection(ProjectDependencies) = postProject
		{96CC0B2E-ED5E-4D8F-90B8-F79E04409ADB} = {96CC0B2E-ED5E-4D8F-90B8-F79E04409ADB}
	EndProjectSection
EndProject
Project("{FAE04EC0-301F-11D3-BF4B-00C04F79EFBC}") = "SimpleCMS_Viewer", "SimpleCMS_Viewer\SimpleCMS_Viewer.csproj", "{825CAE9A-718F-4EEB-AF16-AB2887BCD8EE}"
EndProject
Project("{FAE04EC0-301F-11D3-BF4B-00C04F79EFBC}") = "SimpleCMS_Configuer", "SimpleCMS_Configuer\SimpleCMS_Configuer.csproj", "{96CC0B2E-ED5E-4D8F-90B8-F79E04409ADB}"
EndProject
Project("{FAE04EC0-301F-11D3-BF4B-00C04F79EFBC}") = "SimpleCMSDBDLL", "SimpleCMSDBDLL\SimpleCMSDBDLL.csproj", "{68BFA096-5D95-47E0-B371-9E896D3B7820}"
EndProject
Global
	GlobalSection(SolutionConfigurationPlatforms) = preSolution
		Debug|Any CPU = Debug|Any CPU
		Release|Any CPU = Release|Any CPU
	EndGlobalSection
	GlobalSection(ProjectConfigurationPlatforms) = postSolution
		{DB54E4D3-995A-4CC9-BA35-A0424E96ECB2}.Debug|Any CPU.ActiveCfg = Debug|Any CPU
		{DB54E4D3-995A-4CC9-BA35-A0424E96ECB2}.Debug|Any CPU.Build.0 = Debug|Any CPU
		{DB54E4D3-995A-4CC9-BA35-A0424E96ECB2}.Release|Any CPU.ActiveCfg = Release|Any CPU
		{DB54E4D3-995A-4CC9-BA35-A0424E96ECB2}.Release|Any CPU.Build.0 = Release|Any CPU
		{825CAE9A-718F-4EEB-AF16-AB2887BCD8EE}.Debug|Any CPU.ActiveCfg = Debug|Any CPU
		{825CAE9A-718F-4EEB-AF16-AB2887BCD8EE}.Debug|Any CPU.Build.0 = Debug|Any CPU
		{825CAE9A-718F-4EEB-AF16-AB2887BCD8EE}.Release|Any CPU.ActiveCfg = Release|Any CPU
		{825CAE9A-718F-4EEB-AF16-AB2887BCD8EE}.Release|Any CPU.Build.0 = Release|Any CPU
		{96CC0B2E-ED5E-4D8F-90B8-F79E04409ADB}.Debug|Any CPU.ActiveCfg = Debug|Any CPU
		{96CC0B2E-ED5E-4D8F-90B8-F79E04409ADB}.Debug|Any CPU.Build.0 = Debug|Any CPU
		{96CC0B2E-ED5E-4D8F-90B8-F79E04409ADB}.Release|Any CPU.ActiveCfg = Release|Any CPU
		{96CC0B2E-ED5E-4D8F-90B8-F79E04409ADB}.Release|Any CPU.Build.0 = Release|Any CPU
		{68BFA096-5D95-47E0-B371-9E896D3B7820}.Debug|Any CPU.ActiveCfg = Debug|Any CPU
		{68BFA096-5D95-47E0-B371-9E896D3B7820}.Debug|Any CPU.Build.0 = Debug|Any CPU
		{68BFA096-5D95-47E0-B371-9E896D3B7820}.Release|Any CPU.ActiveCfg = Release|Any CPU
		{68BFA096-5D95-47E0-B371-9E896D3B7820}.Release|Any CPU.Build.0 = Release|Any CPU
	EndGlobalSection
	GlobalSection(SolutionProperties) = preSolution
		HideSolutionNode = FALSE
	EndGlobalSection
	GlobalSection(ExtensibilityGlobals) = postSolution
		SolutionGuid = {C72C1711-13D0-4B7C-A9F9-F840E5B8CD32}
	EndGlobalSection
EndGlobal
